// !$*UTF8*$!
{
	archiveVersion = 1;
	classes = {
	};
	objectVersion = 56;
	objects = {

/* Begin PBXBuildFile section */
		7E15DC4D70679D70CC916157 /* Pods_MusicApp.framework in Frameworks */ = {isa = PBXBuildFile; fileRef = 637F7F0182D357AB028143B1 /* Pods_MusicApp.framework */; };
		AE1FC4F92A210D8A002B222C /* Extension + ColorDarkLight.swift in Sources */ = {isa = PBXBuildFile; fileRef = AE1FC4F82A210D8A002B222C /* Extension + ColorDarkLight.swift */; };
		AE1FC4FB2A21187B002B222C /* HomeViewController.swift in Sources */ = {isa = PBXBuildFile; fileRef = AE1FC4FA2A21187B002B222C /* HomeViewController.swift */; };
		AE1FC5012A2124D4002B222C /* AuthTextField.swift in Sources */ = {isa = PBXBuildFile; fileRef = AE1FC5002A2124D4002B222C /* AuthTextField.swift */; };
		AE1FC5062A232DC1002B222C /* HomeModel.swift in Sources */ = {isa = PBXBuildFile; fileRef = AE1FC5052A232DC1002B222C /* HomeModel.swift */; };
		AE1FC50A2A233D99002B222C /* HomeCoordinator.swift in Sources */ = {isa = PBXBuildFile; fileRef = AE1FC5092A233D99002B222C /* HomeCoordinator.swift */; };
		AE1FC50D2A23B821002B222C /* TabBarController.swift in Sources */ = {isa = PBXBuildFile; fileRef = AE1FC50C2A23B821002B222C /* TabBarController.swift */; };
		AE1FC50F2A23BAD5002B222C /* TabBarCoordinator.swift in Sources */ = {isa = PBXBuildFile; fileRef = AE1FC50E2A23BAD5002B222C /* TabBarCoordinator.swift */; };
		AE1FC5112A23BE2C002B222C /* SearchCoordinator.swift in Sources */ = {isa = PBXBuildFile; fileRef = AE1FC5102A23BE2C002B222C /* SearchCoordinator.swift */; };
		AE1FC5142A23BEBC002B222C /* SearchViewController.swift in Sources */ = {isa = PBXBuildFile; fileRef = AE1FC5132A23BEBC002B222C /* SearchViewController.swift */; };
		AE1FC5192A23C017002B222C /* LibraryCoordinator.swift in Sources */ = {isa = PBXBuildFile; fileRef = AE1FC5182A23C017002B222C /* LibraryCoordinator.swift */; };
		AE1FC51B2A23C06C002B222C /* LibraryViewController.swift in Sources */ = {isa = PBXBuildFile; fileRef = AE1FC51A2A23C06C002B222C /* LibraryViewController.swift */; };
		AE58B1DC2A1E8B3E0000D620 /* AppDelegate.swift in Sources */ = {isa = PBXBuildFile; fileRef = AE58B1DB2A1E8B3E0000D620 /* AppDelegate.swift */; };
		AE58B1DE2A1E8B3E0000D620 /* SceneDelegate.swift in Sources */ = {isa = PBXBuildFile; fileRef = AE58B1DD2A1E8B3E0000D620 /* SceneDelegate.swift */; };
		AE58B1E02A1E8B3E0000D620 /* AuthViewController.swift in Sources */ = {isa = PBXBuildFile; fileRef = AE58B1DF2A1E8B3E0000D620 /* AuthViewController.swift */; };
		AE58B1E52A1E8B400000D620 /* Assets.xcassets in Resources */ = {isa = PBXBuildFile; fileRef = AE58B1E42A1E8B400000D620 /* Assets.xcassets */; };
		AE58B1E82A1E8B400000D620 /* LaunchScreen.storyboard in Resources */ = {isa = PBXBuildFile; fileRef = AE58B1E62A1E8B400000D620 /* LaunchScreen.storyboard */; };
		AE58B1F32A1E8C160000D620 /* Coordinator.swift in Sources */ = {isa = PBXBuildFile; fileRef = AE58B1F22A1E8C160000D620 /* Coordinator.swift */; };
		AE58B1F52A1E8D760000D620 /* MainCoordinator.swift in Sources */ = {isa = PBXBuildFile; fileRef = AE58B1F42A1E8D760000D620 /* MainCoordinator.swift */; };
		AE69EC412A208BB600F8A15B /* .swiftlint.yml in Resources */ = {isa = PBXBuildFile; fileRef = AE69EC402A208BB600F8A15B /* .swiftlint.yml */; };
		AE69EC432A20921200F8A15B /* BaseViewController.swift in Sources */ = {isa = PBXBuildFile; fileRef = AE69EC422A20921200F8A15B /* BaseViewController.swift */; };
		AE7AD5212A24808C00C73877 /* Roboto-Medium.ttf in Resources */ = {isa = PBXBuildFile; fileRef = AE7AD5202A24808C00C73877 /* Roboto-Medium.ttf */; };
		AE7AD5232A248C4E00C73877 /* Extension + ScreenSize.swift in Sources */ = {isa = PBXBuildFile; fileRef = AE7AD5222A248C4E00C73877 /* Extension + ScreenSize.swift */; };
		AE7AD5252A248C8400C73877 /* Extension + CollectionView.swift in Sources */ = {isa = PBXBuildFile; fileRef = AE7AD5242A248C8400C73877 /* Extension + CollectionView.swift */; };
		AE7AD5272A248D3300C73877 /* Extension + UIView.swift in Sources */ = {isa = PBXBuildFile; fileRef = AE7AD5262A248D3300C73877 /* Extension + UIView.swift */; };
		AECCB5242A1E905F00255AFC /* R.generated.swift in Sources */ = {isa = PBXBuildFile; fileRef = AECCB5232A1E905F00255AFC /* R.generated.swift */; };
/* End PBXBuildFile section */

/* Begin PBXFileReference section */
		637F7F0182D357AB028143B1 /* Pods_MusicApp.framework */ = {isa = PBXFileReference; explicitFileType = wrapper.framework; includeInIndex = 0; path = Pods_MusicApp.framework; sourceTree = BUILT_PRODUCTS_DIR; };
		6EB0E603400209AE04CAD96D /* Pods-MusicApp.debug.xcconfig */ = {isa = PBXFileReference; includeInIndex = 1; lastKnownFileType = text.xcconfig; name = "Pods-MusicApp.debug.xcconfig"; path = "Target Support Files/Pods-MusicApp/Pods-MusicApp.debug.xcconfig"; sourceTree = "<group>"; };
		7EF7BCB588EC8A4BE5ABE2AF /* Pods-MusicApp.release.xcconfig */ = {isa = PBXFileReference; includeInIndex = 1; lastKnownFileType = text.xcconfig; name = "Pods-MusicApp.release.xcconfig"; path = "Target Support Files/Pods-MusicApp/Pods-MusicApp.release.xcconfig"; sourceTree = "<group>"; };
		AE1FC4F82A210D8A002B222C /* Extension + ColorDarkLight.swift */ = {isa = PBXFileReference; lastKnownFileType = sourcecode.swift; path = "Extension + ColorDarkLight.swift"; sourceTree = "<group>"; };
		AE1FC4FA2A21187B002B222C /* HomeViewController.swift */ = {isa = PBXFileReference; lastKnownFileType = sourcecode.swift; path = HomeViewController.swift; sourceTree = "<group>"; };
		AE1FC5002A2124D4002B222C /* AuthTextField.swift */ = {isa = PBXFileReference; lastKnownFileType = sourcecode.swift; path = AuthTextField.swift; sourceTree = "<group>"; };
		AE1FC5052A232DC1002B222C /* HomeModel.swift */ = {isa = PBXFileReference; lastKnownFileType = sourcecode.swift; path = HomeModel.swift; sourceTree = "<group>"; };
		AE1FC5092A233D99002B222C /* HomeCoordinator.swift */ = {isa = PBXFileReference; lastKnownFileType = sourcecode.swift; path = HomeCoordinator.swift; sourceTree = "<group>"; };
		AE1FC50C2A23B821002B222C /* TabBarController.swift */ = {isa = PBXFileReference; lastKnownFileType = sourcecode.swift; path = TabBarController.swift; sourceTree = "<group>"; };
		AE1FC50E2A23BAD5002B222C /* TabBarCoordinator.swift */ = {isa = PBXFileReference; lastKnownFileType = sourcecode.swift; path = TabBarCoordinator.swift; sourceTree = "<group>"; };
		AE1FC5102A23BE2C002B222C /* SearchCoordinator.swift */ = {isa = PBXFileReference; lastKnownFileType = sourcecode.swift; path = SearchCoordinator.swift; sourceTree = "<group>"; };
		AE1FC5132A23BEBC002B222C /* SearchViewController.swift */ = {isa = PBXFileReference; lastKnownFileType = sourcecode.swift; path = SearchViewController.swift; sourceTree = "<group>"; };
		AE1FC5182A23C017002B222C /* LibraryCoordinator.swift */ = {isa = PBXFileReference; lastKnownFileType = sourcecode.swift; path = LibraryCoordinator.swift; sourceTree = "<group>"; };
		AE1FC51A2A23C06C002B222C /* LibraryViewController.swift */ = {isa = PBXFileReference; lastKnownFileType = sourcecode.swift; path = LibraryViewController.swift; sourceTree = "<group>"; };
		AE58B1D82A1E8B3E0000D620 /* MusicApp.app */ = {isa = PBXFileReference; explicitFileType = wrapper.application; includeInIndex = 0; path = MusicApp.app; sourceTree = BUILT_PRODUCTS_DIR; };
		AE58B1DB2A1E8B3E0000D620 /* AppDelegate.swift */ = {isa = PBXFileReference; lastKnownFileType = sourcecode.swift; path = AppDelegate.swift; sourceTree = "<group>"; };
		AE58B1DD2A1E8B3E0000D620 /* SceneDelegate.swift */ = {isa = PBXFileReference; lastKnownFileType = sourcecode.swift; path = SceneDelegate.swift; sourceTree = "<group>"; };
		AE58B1DF2A1E8B3E0000D620 /* AuthViewController.swift */ = {isa = PBXFileReference; lastKnownFileType = sourcecode.swift; path = AuthViewController.swift; sourceTree = "<group>"; };
		AE58B1E42A1E8B400000D620 /* Assets.xcassets */ = {isa = PBXFileReference; lastKnownFileType = folder.assetcatalog; path = Assets.xcassets; sourceTree = "<group>"; };
		AE58B1E72A1E8B400000D620 /* Base */ = {isa = PBXFileReference; lastKnownFileType = file.storyboard; name = Base; path = Base.lproj/LaunchScreen.storyboard; sourceTree = "<group>"; };
		AE58B1E92A1E8B400000D620 /* Info.plist */ = {isa = PBXFileReference; lastKnownFileType = text.plist.xml; path = Info.plist; sourceTree = "<group>"; };
		AE58B1F22A1E8C160000D620 /* Coordinator.swift */ = {isa = PBXFileReference; lastKnownFileType = sourcecode.swift; path = Coordinator.swift; sourceTree = "<group>"; };
		AE58B1F42A1E8D760000D620 /* MainCoordinator.swift */ = {isa = PBXFileReference; lastKnownFileType = sourcecode.swift; path = MainCoordinator.swift; sourceTree = "<group>"; };
		AE69EC402A208BB600F8A15B /* .swiftlint.yml */ = {isa = PBXFileReference; lastKnownFileType = text.yaml; path = .swiftlint.yml; sourceTree = "<group>"; };
		AE69EC422A20921200F8A15B /* BaseViewController.swift */ = {isa = PBXFileReference; lastKnownFileType = sourcecode.swift; path = BaseViewController.swift; sourceTree = "<group>"; };
		AE7AD5202A24808C00C73877 /* Roboto-Medium.ttf */ = {isa = PBXFileReference; lastKnownFileType = file; path = "Roboto-Medium.ttf"; sourceTree = "<group>"; };
		AE7AD5222A248C4E00C73877 /* Extension + ScreenSize.swift */ = {isa = PBXFileReference; lastKnownFileType = sourcecode.swift; path = "Extension + ScreenSize.swift"; sourceTree = "<group>"; };
		AE7AD5242A248C8400C73877 /* Extension + CollectionView.swift */ = {isa = PBXFileReference; lastKnownFileType = sourcecode.swift; path = "Extension + CollectionView.swift"; sourceTree = "<group>"; };
		AE7AD5262A248D3300C73877 /* Extension + UIView.swift */ = {isa = PBXFileReference; lastKnownFileType = sourcecode.swift; path = "Extension + UIView.swift"; sourceTree = "<group>"; };
		AECCB5232A1E905F00255AFC /* R.generated.swift */ = {isa = PBXFileReference; lastKnownFileType = sourcecode.swift; path = R.generated.swift; sourceTree = "<group>"; };
/* End PBXFileReference section */

/* Begin PBXFrameworksBuildPhase section */
		AE58B1D52A1E8B3E0000D620 /* Frameworks */ = {
			isa = PBXFrameworksBuildPhase;
			buildActionMask = 2147483647;
			files = (
				7E15DC4D70679D70CC916157 /* Pods_MusicApp.framework in Frameworks */,
			);
			runOnlyForDeploymentPostprocessing = 0;
		};
/* End PBXFrameworksBuildPhase section */

/* Begin PBXGroup section */
		4F8724E0666B411E0D50D7B9 /* Frameworks */ = {
			isa = PBXGroup;
			children = (
				637F7F0182D357AB028143B1 /* Pods_MusicApp.framework */,
			);
			name = Frameworks;
			sourceTree = "<group>";
		};
		76C7BFAB708F99619AC063AB /* Pods */ = {
			isa = PBXGroup;
			children = (
				6EB0E603400209AE04CAD96D /* Pods-MusicApp.debug.xcconfig */,
				7EF7BCB588EC8A4BE5ABE2AF /* Pods-MusicApp.release.xcconfig */,
			);
			path = Pods;
			sourceTree = "<group>";
		};
		AE1FC4F62A210D5A002B222C /* Extensions */ = {
			isa = PBXGroup;
			children = (
				AE1FC4F82A210D8A002B222C /* Extension + ColorDarkLight.swift */,
				AE7AD5222A248C4E00C73877 /* Extension + ScreenSize.swift */,
				AE7AD5242A248C8400C73877 /* Extension + CollectionView.swift */,
				AE7AD5262A248D3300C73877 /* Extension + UIView.swift */,
			);
			path = Extensions;
			sourceTree = "<group>";
		};
		AE1FC4FC2A21225E002B222C /* Auth */ = {
			isa = PBXGroup;
			children = (
				AE58B1DF2A1E8B3E0000D620 /* AuthViewController.swift */,
			);
			path = Auth;
			sourceTree = "<group>";
		};
		AE1FC4FD2A212266002B222C /* Home */ = {
			isa = PBXGroup;
			children = (
				AE1FC5092A233D99002B222C /* HomeCoordinator.swift */,
				AE1FC5042A232D71002B222C /* View Model */,
				AE1FC5032A232D6D002B222C /* Model */,
				AE1FC5022A232D67002B222C /* View */,
			);
			path = Home;
			sourceTree = "<group>";
		};
		AE1FC4FE2A21226B002B222C /* Search */ = {
			isa = PBXGroup;
			children = (
				AE1FC5122A23BEB4002B222C /* View */,
				AE1FC5102A23BE2C002B222C /* SearchCoordinator.swift */,
			);
			path = Search;
			sourceTree = "<group>";
		};
		AE1FC4FF2A212278002B222C /* Library */ = {
			isa = PBXGroup;
			children = (
				AE1FC5172A23C008002B222C /* ViewModel */,
				AE1FC5162A23C003002B222C /* Model */,
				AE1FC5152A23BFFF002B222C /* View */,
				AE1FC5182A23C017002B222C /* LibraryCoordinator.swift */,
			);
			path = Library;
			sourceTree = "<group>";
		};
		AE1FC5022A232D67002B222C /* View */ = {
			isa = PBXGroup;
			children = (
				AE1FC4FA2A21187B002B222C /* HomeViewController.swift */,
			);
			path = View;
			sourceTree = "<group>";
		};
		AE1FC5032A232D6D002B222C /* Model */ = {
			isa = PBXGroup;
			children = (
				AE1FC5052A232DC1002B222C /* HomeModel.swift */,
			);
			path = Model;
			sourceTree = "<group>";
		};
		AE1FC5042A232D71002B222C /* View Model */ = {
			isa = PBXGroup;
			children = (
			);
			path = "View Model";
			sourceTree = "<group>";
		};
		AE1FC50B2A23B810002B222C /* TabBar */ = {
			isa = PBXGroup;
			children = (
				AE1FC50C2A23B821002B222C /* TabBarController.swift */,
			);
			path = TabBar;
			sourceTree = "<group>";
		};
		AE1FC5122A23BEB4002B222C /* View */ = {
			isa = PBXGroup;
			children = (
				AE1FC5132A23BEBC002B222C /* SearchViewController.swift */,
			);
			path = View;
			sourceTree = "<group>";
		};
		AE1FC5152A23BFFF002B222C /* View */ = {
			isa = PBXGroup;
			children = (
				AE1FC51A2A23C06C002B222C /* LibraryViewController.swift */,
			);
			path = View;
			sourceTree = "<group>";
		};
		AE1FC5162A23C003002B222C /* Model */ = {
			isa = PBXGroup;
			children = (
			);
			path = Model;
			sourceTree = "<group>";
		};
		AE1FC5172A23C008002B222C /* ViewModel */ = {
			isa = PBXGroup;
			children = (
			);
			path = ViewModel;
			sourceTree = "<group>";
		};
		AE58B1CF2A1E8B3E0000D620 = {
			isa = PBXGroup;
			children = (
				AE69EC402A208BB600F8A15B /* .swiftlint.yml */,
				AE58B1DA2A1E8B3E0000D620 /* MusicApp */,
				AE58B1D92A1E8B3E0000D620 /* Products */,
				76C7BFAB708F99619AC063AB /* Pods */,
				4F8724E0666B411E0D50D7B9 /* Frameworks */,
			);
			sourceTree = "<group>";
		};
		AE58B1D92A1E8B3E0000D620 /* Products */ = {
			isa = PBXGroup;
			children = (
				AE58B1D82A1E8B3E0000D620 /* MusicApp.app */,
			);
			name = Products;
			sourceTree = "<group>";
		};
		AE58B1DA2A1E8B3E0000D620 /* MusicApp */ = {
			isa = PBXGroup;
			children = (
				AE7AD51F2A24808000C73877 /* Fonts */,
				AE58B1DB2A1E8B3E0000D620 /* AppDelegate.swift */,
				AE58B1DD2A1E8B3E0000D620 /* SceneDelegate.swift */,
				AECCB5232A1E905F00255AFC /* R.generated.swift */,
				AE58B1EF2A1E8C010000D620 /* Reusable */,
				AE1FC4F62A210D5A002B222C /* Extensions */,
				AE58B1F02A1E8C080000D620 /* Components */,
				AE58B1E42A1E8B400000D620 /* Assets.xcassets */,
				AE58B1E62A1E8B400000D620 /* LaunchScreen.storyboard */,
				AE58B1E92A1E8B400000D620 /* Info.plist */,
			);
			path = MusicApp;
			sourceTree = "<group>";
		};
		AE58B1EF2A1E8C010000D620 /* Reusable */ = {
			isa = PBXGroup;
			children = (
				AE69EC422A20921200F8A15B /* BaseViewController.swift */,
				AE1FC5002A2124D4002B222C /* AuthTextField.swift */,
			);
			path = Reusable;
			sourceTree = "<group>";
		};
		AE58B1F02A1E8C080000D620 /* Components */ = {
			isa = PBXGroup;
			children = (
				AE1FC50B2A23B810002B222C /* TabBar */,
				AE1FC4FF2A212278002B222C /* Library */,
				AE1FC4FE2A21226B002B222C /* Search */,
				AE1FC4FD2A212266002B222C /* Home */,
				AE1FC4FC2A21225E002B222C /* Auth */,
				AE58B1F12A1E8C0D0000D620 /* Coordinator */,
			);
			path = Components;
			sourceTree = "<group>";
		};
		AE58B1F12A1E8C0D0000D620 /* Coordinator */ = {
			isa = PBXGroup;
			children = (
				AE58B1F22A1E8C160000D620 /* Coordinator.swift */,
				AE58B1F42A1E8D760000D620 /* MainCoordinator.swift */,
				AE1FC50E2A23BAD5002B222C /* TabBarCoordinator.swift */,
			);
			path = Coordinator;
			sourceTree = "<group>";
		};
		AE7AD51F2A24808000C73877 /* Fonts */ = {
			isa = PBXGroup;
			children = (
				AE7AD5202A24808C00C73877 /* Roboto-Medium.ttf */,
			);
			path = Fonts;
			sourceTree = "<group>";
		};
/* End PBXGroup section */

/* Begin PBXNativeTarget section */
		AE58B1D72A1E8B3E0000D620 /* MusicApp */ = {
			isa = PBXNativeTarget;
			buildConfigurationList = AE58B1EC2A1E8B400000D620 /* Build configuration list for PBXNativeTarget "MusicApp" */;
			buildPhases = (
				7860015E822E8D11F519A889 /* [CP] Check Pods Manifest.lock */,
				AE58B1D42A1E8B3E0000D620 /* Sources */,
				AE58B1D52A1E8B3E0000D620 /* Frameworks */,
				AE58B1D62A1E8B3E0000D620 /* Resources */,
				6F94E57445806D9CED3D55EF /* [CP] Embed Pods Frameworks */,
				AE69EC3F2A2088DA00F8A15B /* Run Script */,
			);
			buildRules = (
			);
			dependencies = (
			);
			name = MusicApp;
			productName = MusicApp;
			productReference = AE58B1D82A1E8B3E0000D620 /* MusicApp.app */;
			productType = "com.apple.product-type.application";
		};
/* End PBXNativeTarget section */

/* Begin PBXProject section */
		AE58B1D02A1E8B3E0000D620 /* Project object */ = {
			isa = PBXProject;
			attributes = {
				BuildIndependentTargetsInParallel = 1;
				LastSwiftUpdateCheck = 1420;
				LastUpgradeCheck = 1420;
				TargetAttributes = {
					AE58B1D72A1E8B3E0000D620 = {
						CreatedOnToolsVersion = 14.2;
					};
				};
			};
			buildConfigurationList = AE58B1D32A1E8B3E0000D620 /* Build configuration list for PBXProject "MusicApp" */;
			compatibilityVersion = "Xcode 14.0";
			developmentRegion = en;
			hasScannedForEncodings = 0;
			knownRegions = (
				en,
				Base,
			);
			mainGroup = AE58B1CF2A1E8B3E0000D620;
			productRefGroup = AE58B1D92A1E8B3E0000D620 /* Products */;
			projectDirPath = "";
			projectRoot = "";
			targets = (
				AE58B1D72A1E8B3E0000D620 /* MusicApp */,
			);
		};
/* End PBXProject section */

/* Begin PBXResourcesBuildPhase section */
		AE58B1D62A1E8B3E0000D620 /* Resources */ = {
			isa = PBXResourcesBuildPhase;
			buildActionMask = 2147483647;
			files = (
				AE7AD5212A24808C00C73877 /* Roboto-Medium.ttf in Resources */,
				AE69EC412A208BB600F8A15B /* .swiftlint.yml in Resources */,
				AE58B1E82A1E8B400000D620 /* LaunchScreen.storyboard in Resources */,
				AE58B1E52A1E8B400000D620 /* Assets.xcassets in Resources */,
			);
			runOnlyForDeploymentPostprocessing = 0;
		};
/* End PBXResourcesBuildPhase section */

/* Begin PBXShellScriptBuildPhase section */
		6F94E57445806D9CED3D55EF /* [CP] Embed Pods Frameworks */ = {
			isa = PBXShellScriptBuildPhase;
			buildActionMask = 2147483647;
			files = (
			);
			inputFileListPaths = (
				"${PODS_ROOT}/Target Support Files/Pods-MusicApp/Pods-MusicApp-frameworks-${CONFIGURATION}-input-files.xcfilelist",
			);
			name = "[CP] Embed Pods Frameworks";
			outputFileListPaths = (
				"${PODS_ROOT}/Target Support Files/Pods-MusicApp/Pods-MusicApp-frameworks-${CONFIGURATION}-output-files.xcfilelist",
			);
			runOnlyForDeploymentPostprocessing = 0;
			shellPath = /bin/sh;
			shellScript = "\"${PODS_ROOT}/Target Support Files/Pods-MusicApp/Pods-MusicApp-frameworks.sh\"\n";
			showEnvVarsInLog = 0;
		};
		7860015E822E8D11F519A889 /* [CP] Check Pods Manifest.lock */ = {
			isa = PBXShellScriptBuildPhase;
			buildActionMask = 2147483647;
			files = (
			);
			inputFileListPaths = (
			);
			inputPaths = (
				"${PODS_PODFILE_DIR_PATH}/Podfile.lock",
				"${PODS_ROOT}/Manifest.lock",
			);
			name = "[CP] Check Pods Manifest.lock";
			outputFileListPaths = (
			);
			outputPaths = (
				"$(DERIVED_FILE_DIR)/Pods-MusicApp-checkManifestLockResult.txt",
			);
			runOnlyForDeploymentPostprocessing = 0;
			shellPath = /bin/sh;
			shellScript = "diff \"${PODS_PODFILE_DIR_PATH}/Podfile.lock\" \"${PODS_ROOT}/Manifest.lock\" > /dev/null\nif [ $? != 0 ] ; then\n    # print error to STDERR\n    echo \"error: The sandbox is not in sync with the Podfile.lock. Run 'pod install' or update your CocoaPods installation.\" >&2\n    exit 1\nfi\n# This output is used by Xcode 'outputs' to avoid re-running this script phase.\necho \"SUCCESS\" > \"${SCRIPT_OUTPUT_FILE_0}\"\n";
			showEnvVarsInLog = 0;
		};
		AE69EC3F2A2088DA00F8A15B /* Run Script */ = {
			isa = PBXShellScriptBuildPhase;
			buildActionMask = 2147483647;
			files = (
			);
			inputFileListPaths = (
			);
			inputPaths = (
			);
			name = "Run Script";
			outputFileListPaths = (
			);
			outputPaths = (
			);
			runOnlyForDeploymentPostprocessing = 0;
			shellPath = /bin/sh;
			shellScript = "\"${PODS_ROOT}/SwiftLint/swiftlint\" --fix && ${PODS_ROOT}/SwiftLint/swiftlint\n";
		};
/* End PBXShellScriptBuildPhase section */

/* Begin PBXSourcesBuildPhase section */
		AE58B1D42A1E8B3E0000D620 /* Sources */ = {
			isa = PBXSourcesBuildPhase;
			buildActionMask = 2147483647;
			files = (
				AE1FC4F92A210D8A002B222C /* Extension + ColorDarkLight.swift in Sources */,
				AE1FC5112A23BE2C002B222C /* SearchCoordinator.swift in Sources */,
				AE1FC50D2A23B821002B222C /* TabBarController.swift in Sources */,
				AE1FC5192A23C017002B222C /* LibraryCoordinator.swift in Sources */,
				AE7AD5252A248C8400C73877 /* Extension + CollectionView.swift in Sources */,
				AE58B1F32A1E8C160000D620 /* Coordinator.swift in Sources */,
				AE1FC5062A232DC1002B222C /* HomeModel.swift in Sources */,
				AE58B1E02A1E8B3E0000D620 /* AuthViewController.swift in Sources */,
				AE1FC5012A2124D4002B222C /* AuthTextField.swift in Sources */,
				AE1FC50A2A233D99002B222C /* HomeCoordinator.swift in Sources */,
				AE69EC432A20921200F8A15B /* BaseViewController.swift in Sources */,
				AE7AD5232A248C4E00C73877 /* Extension + ScreenSize.swift in Sources */,
				AE58B1DC2A1E8B3E0000D620 /* AppDelegate.swift in Sources */,
				AE1FC5142A23BEBC002B222C /* SearchViewController.swift in Sources */,
				AE7AD5272A248D3300C73877 /* Extension + UIView.swift in Sources */,
				AE1FC4FB2A21187B002B222C /* HomeViewController.swift in Sources */,
				AE1FC50F2A23BAD5002B222C /* TabBarCoordinator.swift in Sources */,
				AE58B1F52A1E8D760000D620 /* MainCoordinator.swift in Sources */,
				AE58B1DE2A1E8B3E0000D620 /* SceneDelegate.swift in Sources */,
				AE1FC51B2A23C06C002B222C /* LibraryViewController.swift in Sources */,
				AECCB5242A1E905F00255AFC /* R.generated.swift in Sources */,
			);
			runOnlyForDeploymentPostprocessing = 0;
		};
/* End PBXSourcesBuildPhase section */

/* Begin PBXVariantGroup section */
		AE58B1E62A1E8B400000D620 /* LaunchScreen.storyboard */ = {
			isa = PBXVariantGroup;
			children = (
				AE58B1E72A1E8B400000D620 /* Base */,
			);
			name = LaunchScreen.storyboard;
			sourceTree = "<group>";
		};
/* End PBXVariantGroup section */

/* Begin XCBuildConfiguration section */
		AE58B1EA2A1E8B400000D620 /* Debug */ = {
			isa = XCBuildConfiguration;
			buildSettings = {
				ALWAYS_SEARCH_USER_PATHS = NO;
				CLANG_ANALYZER_NONNULL = YES;
				CLANG_ANALYZER_NUMBER_OBJECT_CONVERSION = YES_AGGRESSIVE;
				CLANG_CXX_LANGUAGE_STANDARD = "gnu++20";
				CLANG_ENABLE_MODULES = YES;
				CLANG_ENABLE_OBJC_ARC = YES;
				CLANG_ENABLE_OBJC_WEAK = YES;
				CLANG_WARN_BLOCK_CAPTURE_AUTORELEASING = YES;
				CLANG_WARN_BOOL_CONVERSION = YES;
				CLANG_WARN_COMMA = YES;
				CLANG_WARN_CONSTANT_CONVERSION = YES;
				CLANG_WARN_DEPRECATED_OBJC_IMPLEMENTATIONS = YES;
				CLANG_WARN_DIRECT_OBJC_ISA_USAGE = YES_ERROR;
				CLANG_WARN_DOCUMENTATION_COMMENTS = YES;
				CLANG_WARN_EMPTY_BODY = YES;
				CLANG_WARN_ENUM_CONVERSION = YES;
				CLANG_WARN_INFINITE_RECURSION = YES;
				CLANG_WARN_INT_CONVERSION = YES;
				CLANG_WARN_NON_LITERAL_NULL_CONVERSION = YES;
				CLANG_WARN_OBJC_IMPLICIT_RETAIN_SELF = YES;
				CLANG_WARN_OBJC_LITERAL_CONVERSION = YES;
				CLANG_WARN_OBJC_ROOT_CLASS = YES_ERROR;
				CLANG_WARN_QUOTED_INCLUDE_IN_FRAMEWORK_HEADER = YES;
				CLANG_WARN_RANGE_LOOP_ANALYSIS = YES;
				CLANG_WARN_STRICT_PROTOTYPES = YES;
				CLANG_WARN_SUSPICIOUS_MOVE = YES;
				CLANG_WARN_UNGUARDED_AVAILABILITY = YES_AGGRESSIVE;
				CLANG_WARN_UNREACHABLE_CODE = YES;
				CLANG_WARN__DUPLICATE_METHOD_MATCH = YES;
				COPY_PHASE_STRIP = NO;
				DEBUG_INFORMATION_FORMAT = dwarf;
				ENABLE_STRICT_OBJC_MSGSEND = YES;
				ENABLE_TESTABILITY = YES;
				GCC_C_LANGUAGE_STANDARD = gnu11;
				GCC_DYNAMIC_NO_PIC = NO;
				GCC_NO_COMMON_BLOCKS = YES;
				GCC_OPTIMIZATION_LEVEL = 0;
				GCC_PREPROCESSOR_DEFINITIONS = (
					"DEBUG=1",
					"$(inherited)",
				);
				GCC_WARN_64_TO_32_BIT_CONVERSION = YES;
				GCC_WARN_ABOUT_RETURN_TYPE = YES_ERROR;
				GCC_WARN_UNDECLARED_SELECTOR = YES;
				GCC_WARN_UNINITIALIZED_AUTOS = YES_AGGRESSIVE;
				GCC_WARN_UNUSED_FUNCTION = YES;
				GCC_WARN_UNUSED_VARIABLE = YES;
				IPHONEOS_DEPLOYMENT_TARGET = 16.2;
				MTL_ENABLE_DEBUG_INFO = INCLUDE_SOURCE;
				MTL_FAST_MATH = YES;
				ONLY_ACTIVE_ARCH = YES;
				SDKROOT = iphoneos;
				SWIFT_ACTIVE_COMPILATION_CONDITIONS = DEBUG;
				SWIFT_OPTIMIZATION_LEVEL = "-Onone";
			};
			name = Debug;
		};
		AE58B1EB2A1E8B400000D620 /* Release */ = {
			isa = XCBuildConfiguration;
			buildSettings = {
				ALWAYS_SEARCH_USER_PATHS = NO;
				CLANG_ANALYZER_NONNULL = YES;
				CLANG_ANALYZER_NUMBER_OBJECT_CONVERSION = YES_AGGRESSIVE;
				CLANG_CXX_LANGUAGE_STANDARD = "gnu++20";
				CLANG_ENABLE_MODULES = YES;
				CLANG_ENABLE_OBJC_ARC = YES;
				CLANG_ENABLE_OBJC_WEAK = YES;
				CLANG_WARN_BLOCK_CAPTURE_AUTORELEASING = YES;
				CLANG_WARN_BOOL_CONVERSION = YES;
				CLANG_WARN_COMMA = YES;
				CLANG_WARN_CONSTANT_CONVERSION = YES;
				CLANG_WARN_DEPRECATED_OBJC_IMPLEMENTATIONS = YES;
				CLANG_WARN_DIRECT_OBJC_ISA_USAGE = YES_ERROR;
				CLANG_WARN_DOCUMENTATION_COMMENTS = YES;
				CLANG_WARN_EMPTY_BODY = YES;
				CLANG_WARN_ENUM_CONVERSION = YES;
				CLANG_WARN_INFINITE_RECURSION = YES;
				CLANG_WARN_INT_CONVERSION = YES;
				CLANG_WARN_NON_LITERAL_NULL_CONVERSION = YES;
				CLANG_WARN_OBJC_IMPLICIT_RETAIN_SELF = YES;
				CLANG_WARN_OBJC_LITERAL_CONVERSION = YES;
				CLANG_WARN_OBJC_ROOT_CLASS = YES_ERROR;
				CLANG_WARN_QUOTED_INCLUDE_IN_FRAMEWORK_HEADER = YES;
				CLANG_WARN_RANGE_LOOP_ANALYSIS = YES;
				CLANG_WARN_STRICT_PROTOTYPES = YES;
				CLANG_WARN_SUSPICIOUS_MOVE = YES;
				CLANG_WARN_UNGUARDED_AVAILABILITY = YES_AGGRESSIVE;
				CLANG_WARN_UNREACHABLE_CODE = YES;
				CLANG_WARN__DUPLICATE_METHOD_MATCH = YES;
				COPY_PHASE_STRIP = NO;
				DEBUG_INFORMATION_FORMAT = "dwarf-with-dsym";
				ENABLE_NS_ASSERTIONS = NO;
				ENABLE_STRICT_OBJC_MSGSEND = YES;
				GCC_C_LANGUAGE_STANDARD = gnu11;
				GCC_NO_COMMON_BLOCKS = YES;
				GCC_WARN_64_TO_32_BIT_CONVERSION = YES;
				GCC_WARN_ABOUT_RETURN_TYPE = YES_ERROR;
				GCC_WARN_UNDECLARED_SELECTOR = YES;
				GCC_WARN_UNINITIALIZED_AUTOS = YES_AGGRESSIVE;
				GCC_WARN_UNUSED_FUNCTION = YES;
				GCC_WARN_UNUSED_VARIABLE = YES;
				IPHONEOS_DEPLOYMENT_TARGET = 16.2;
				MTL_ENABLE_DEBUG_INFO = NO;
				MTL_FAST_MATH = YES;
				SDKROOT = iphoneos;
				SWIFT_COMPILATION_MODE = wholemodule;
				SWIFT_OPTIMIZATION_LEVEL = "-O";
				VALIDATE_PRODUCT = YES;
			};
			name = Release;
		};
		AE58B1ED2A1E8B400000D620 /* Debug */ = {
			isa = XCBuildConfiguration;
			baseConfigurationReference = 6EB0E603400209AE04CAD96D /* Pods-MusicApp.debug.xcconfig */;
			buildSettings = {
				ASSETCATALOG_COMPILER_APPICON_NAME = AppIcon;
				ASSETCATALOG_COMPILER_GLOBAL_ACCENT_COLOR_NAME = AccentColor;
				CODE_SIGN_STYLE = Automatic;
				CURRENT_PROJECT_VERSION = 1;
				DEVELOPMENT_TEAM = 7K5H82MGKM;
				GENERATE_INFOPLIST_FILE = YES;
				INFOPLIST_FILE = MusicApp/Info.plist;
				INFOPLIST_KEY_UIApplicationSupportsIndirectInputEvents = YES;
				INFOPLIST_KEY_UILaunchStoryboardName = LaunchScreen;
				INFOPLIST_KEY_UISupportedInterfaceOrientations_iPad = "UIInterfaceOrientationPortrait UIInterfaceOrientationPortraitUpsideDown UIInterfaceOrientationLandscapeLeft UIInterfaceOrientationLandscapeRight";
				INFOPLIST_KEY_UISupportedInterfaceOrientations_iPhone = "UIInterfaceOrientationPortrait UIInterfaceOrientationLandscapeLeft UIInterfaceOrientationLandscapeRight";
				IPHONEOS_DEPLOYMENT_TARGET = 16.1;
				LD_RUNPATH_SEARCH_PATHS = (
					"$(inherited)",
					"@executable_path/Frameworks",
				);
				MARKETING_VERSION = 1.0;
				PRODUCT_BUNDLE_IDENTIFIER = myself.MusicApp;
				PRODUCT_NAME = "$(TARGET_NAME)";
				SWIFT_EMIT_LOC_STRINGS = YES;
				SWIFT_VERSION = 5.0;
				TARGETED_DEVICE_FAMILY = "1,2";
			};
			name = Debug;
		};
		AE58B1EE2A1E8B400000D620 /* Release */ = {
			isa = XCBuildConfiguration;
			baseConfigurationReference = 7EF7BCB588EC8A4BE5ABE2AF /* Pods-MusicApp.release.xcconfig */;
			buildSettings = {
				ASSETCATALOG_COMPILER_APPICON_NAME = AppIcon;
				ASSETCATALOG_COMPILER_GLOBAL_ACCENT_COLOR_NAME = AccentColor;
				CODE_SIGN_STYLE = Automatic;
				CURRENT_PROJECT_VERSION = 1;
				DEVELOPMENT_TEAM = 7K5H82MGKM;
				GENERATE_INFOPLIST_FILE = YES;
				INFOPLIST_FILE = MusicApp/Info.plist;
				INFOPLIST_KEY_UIApplicationSupportsIndirectInputEvents = YES;
				INFOPLIST_KEY_UILaunchStoryboardName = LaunchScreen;
				INFOPLIST_KEY_UISupportedInterfaceOrientations_iPad = "UIInterfaceOrientationPortrait UIInterfaceOrientationPortraitUpsideDown UIInterfaceOrientationLandscapeLeft UIInterfaceOrientationLandscapeRight";
				INFOPLIST_KEY_UISupportedInterfaceOrientations_iPhone = "UIInterfaceOrientationPortrait UIInterfaceOrientationLandscapeLeft UIInterfaceOrientationLandscapeRight";
				IPHONEOS_DEPLOYMENT_TARGET = 16.1;
				LD_RUNPATH_SEARCH_PATHS = (
					"$(inherited)",
					"@executable_path/Frameworks",
				);
				MARKETING_VERSION = 1.0;
				PRODUCT_BUNDLE_IDENTIFIER = myself.MusicApp;
				PRODUCT_NAME = "$(TARGET_NAME)";
				SWIFT_EMIT_LOC_STRINGS = YES;
				SWIFT_VERSION = 5.0;
				TARGETED_DEVICE_FAMILY = "1,2";
			};
			name = Release;
		};
/* End XCBuildConfiguration section */

/* Begin XCConfigurationList section */
		AE58B1D32A1E8B3E0000D620 /* Build configuration list for PBXProject "MusicApp" */ = {
			isa = XCConfigurationList;
			buildConfigurations = (
				AE58B1EA2A1E8B400000D620 /* Debug */,
				AE58B1EB2A1E8B400000D620 /* Release */,
			);
			defaultConfigurationIsVisible = 0;
			defaultConfigurationName = Release;
		};
		AE58B1EC2A1E8B400000D620 /* Build configuration list for PBXNativeTarget "MusicApp" */ = {
			isa = XCConfigurationList;
			buildConfigurations = (
				AE58B1ED2A1E8B400000D620 /* Debug */,
				AE58B1EE2A1E8B400000D620 /* Release */,
			);
			defaultConfigurationIsVisible = 0;
			defaultConfigurationName = Release;
		};
/* End XCConfigurationList section */
	};
	rootObject = AE58B1D02A1E8B3E0000D620 /* Project object */;
}
